// !$*UTF8*$!
{
	archiveVersion = 1;
	classes = {
	};
	objectVersion = 48;
	objects = {

/* Begin PBXBuildFile section */
		7A303EF02090A90500FC515A /* AlertBuilder.swift in Sources */ = {isa = PBXBuildFile; fileRef = 7A303EEF2090A90500FC515A /* AlertBuilder.swift */; };
		7AD8DBDE2090C8D3002F2EC1 /* FourthViewController.swift in Sources */ = {isa = PBXBuildFile; fileRef = 7AD8DBDD2090C8D3002F2EC1 /* FourthViewController.swift */; };
		7AD8DBE12090CA19002F2EC1 /* FourthView.swift in Sources */ = {isa = PBXBuildFile; fileRef = 7AD8DBE02090CA19002F2EC1 /* FourthView.swift */; };
		7AD8DBE32090CC3E002F2EC1 /* cristiano.gif in Resources */ = {isa = PBXBuildFile; fileRef = 7AD8DBE22090CC3E002F2EC1 /* cristiano.gif */; };
		7AD8DBE52090CD43002F2EC1 /* michael.gif in Resources */ = {isa = PBXBuildFile; fileRef = 7AD8DBE42090CD43002F2EC1 /* michael.gif */; };
		7AE99B7E208FEEE200F76B05 /* AppDelegate.swift in Sources */ = {isa = PBXBuildFile; fileRef = 7AE99B7D208FEEE200F76B05 /* AppDelegate.swift */; };
		7AE99B80208FEEE200F76B05 /* MainViewController.swift in Sources */ = {isa = PBXBuildFile; fileRef = 7AE99B7F208FEEE200F76B05 /* MainViewController.swift */; };
		7AE99B83208FEEE200F76B05 /* Main.storyboard in Resources */ = {isa = PBXBuildFile; fileRef = 7AE99B81208FEEE200F76B05 /* Main.storyboard */; };
		7AE99B85208FEEE200F76B05 /* Assets.xcassets in Resources */ = {isa = PBXBuildFile; fileRef = 7AE99B84208FEEE200F76B05 /* Assets.xcassets */; };
		7AE99B88208FEEE200F76B05 /* LaunchScreen.storyboard in Resources */ = {isa = PBXBuildFile; fileRef = 7AE99B86208FEEE200F76B05 /* LaunchScreen.storyboard */; };
		7AE99B98208FF62A00F76B05 /* MainView.swift in Sources */ = {isa = PBXBuildFile; fileRef = 7AE99B97208FF62A00F76B05 /* MainView.swift */; };
		7AE99B9B208FF98300F76B05 /* GeoLocation.swift in Sources */ = {isa = PBXBuildFile; fileRef = 7AE99B9A208FF98300F76B05 /* GeoLocation.swift */; };
		7AE99B9F209009BB00F76B05 /* SecondViewController.swift in Sources */ = {isa = PBXBuildFile; fileRef = 7AE99B9E209009BB00F76B05 /* SecondViewController.swift */; };
		7AE99BA420900D4500F76B05 /* ThirdViewController.swift in Sources */ = {isa = PBXBuildFile; fileRef = 7AE99BA320900D4500F76B05 /* ThirdViewController.swift */; };
		7AE99BAE209019A800F76B05 /* ThreeView.swift in Sources */ = {isa = PBXBuildFile; fileRef = 7AE99BAD209019A800F76B05 /* ThreeView.swift */; };
		D7B2D1F82ED802CBA5FFDEAC /* Pods_challengeDojoAlertaTT.framework in Frameworks */ = {isa = PBXBuildFile; fileRef = AF257BEBE12745A4B62B58ED /* Pods_challengeDojoAlertaTT.framework */; };
/* End PBXBuildFile section */

/* Begin PBXFileReference section */
		52F97D5809ACAA19039CFFAA /* Pods-challengeDojoAlertaTT.release.xcconfig */ = {isa = PBXFileReference; includeInIndex = 1; lastKnownFileType = text.xcconfig; name = "Pods-challengeDojoAlertaTT.release.xcconfig"; path = "Pods/Target Support Files/Pods-challengeDojoAlertaTT/Pods-challengeDojoAlertaTT.release.xcconfig"; sourceTree = "<group>"; };
		7A303EEF2090A90500FC515A /* AlertBuilder.swift */ = {isa = PBXFileReference; lastKnownFileType = sourcecode.swift; path = AlertBuilder.swift; sourceTree = "<group>"; };
		7AD8DBDD2090C8D3002F2EC1 /* FourthViewController.swift */ = {isa = PBXFileReference; lastKnownFileType = sourcecode.swift; path = FourthViewController.swift; sourceTree = "<group>"; };
		7AD8DBE02090CA19002F2EC1 /* FourthView.swift */ = {isa = PBXFileReference; lastKnownFileType = sourcecode.swift; path = FourthView.swift; sourceTree = "<group>"; };
		7AD8DBE22090CC3E002F2EC1 /* cristiano.gif */ = {isa = PBXFileReference; lastKnownFileType = image.gif; path = cristiano.gif; sourceTree = "<group>"; };
		7AD8DBE42090CD43002F2EC1 /* michael.gif */ = {isa = PBXFileReference; lastKnownFileType = image.gif; path = michael.gif; sourceTree = "<group>"; };
		7AE99B7A208FEEE200F76B05 /* challengeDojoAlertaTT.app */ = {isa = PBXFileReference; explicitFileType = wrapper.application; includeInIndex = 0; path = challengeDojoAlertaTT.app; sourceTree = BUILT_PRODUCTS_DIR; };
		7AE99B7D208FEEE200F76B05 /* AppDelegate.swift */ = {isa = PBXFileReference; lastKnownFileType = sourcecode.swift; path = AppDelegate.swift; sourceTree = "<group>"; };
		7AE99B7F208FEEE200F76B05 /* MainViewController.swift */ = {isa = PBXFileReference; lastKnownFileType = sourcecode.swift; path = MainViewController.swift; sourceTree = "<group>"; };
		7AE99B82208FEEE200F76B05 /* Base */ = {isa = PBXFileReference; lastKnownFileType = file.storyboard; name = Base; path = Base.lproj/Main.storyboard; sourceTree = "<group>"; };
		7AE99B84208FEEE200F76B05 /* Assets.xcassets */ = {isa = PBXFileReference; lastKnownFileType = folder.assetcatalog; path = Assets.xcassets; sourceTree = "<group>"; };
		7AE99B87208FEEE200F76B05 /* Base */ = {isa = PBXFileReference; lastKnownFileType = file.storyboard; name = Base; path = Base.lproj/LaunchScreen.storyboard; sourceTree = "<group>"; };
		7AE99B89208FEEE200F76B05 /* Info.plist */ = {isa = PBXFileReference; lastKnownFileType = text.plist.xml; name = Info.plist; path = "/Users/jackson/Documents/projects/dojos-CIT/challengeDojoAlertaTT/challengeDojoAlertaTT/util/Info.plist"; sourceTree = "<absolute>"; };
		7AE99B97208FF62A00F76B05 /* MainView.swift */ = {isa = PBXFileReference; lastKnownFileType = sourcecode.swift; path = MainView.swift; sourceTree = "<group>"; };
		7AE99B9A208FF98300F76B05 /* GeoLocation.swift */ = {isa = PBXFileReference; lastKnownFileType = sourcecode.swift; path = GeoLocation.swift; sourceTree = "<group>"; };
		7AE99B9E209009BB00F76B05 /* SecondViewController.swift */ = {isa = PBXFileReference; lastKnownFileType = sourcecode.swift; path = SecondViewController.swift; sourceTree = "<group>"; };
		7AE99BA320900D4500F76B05 /* ThirdViewController.swift */ = {isa = PBXFileReference; lastKnownFileType = sourcecode.swift; path = ThirdViewController.swift; sourceTree = "<group>"; };
		7AE99BAD209019A800F76B05 /* ThreeView.swift */ = {isa = PBXFileReference; lastKnownFileType = sourcecode.swift; path = ThreeView.swift; sourceTree = "<group>"; };
		AF257BEBE12745A4B62B58ED /* Pods_challengeDojoAlertaTT.framework */ = {isa = PBXFileReference; explicitFileType = wrapper.framework; includeInIndex = 0; path = Pods_challengeDojoAlertaTT.framework; sourceTree = BUILT_PRODUCTS_DIR; };
		FF7AFFE5A4408B403C0A3290 /* Pods-challengeDojoAlertaTT.debug.xcconfig */ = {isa = PBXFileReference; includeInIndex = 1; lastKnownFileType = text.xcconfig; name = "Pods-challengeDojoAlertaTT.debug.xcconfig"; path = "Pods/Target Support Files/Pods-challengeDojoAlertaTT/Pods-challengeDojoAlertaTT.debug.xcconfig"; sourceTree = "<group>"; };
/* End PBXFileReference section */

/* Begin PBXFrameworksBuildPhase section */
		7AE99B77208FEEE200F76B05 /* Frameworks */ = {
			isa = PBXFrameworksBuildPhase;
			buildActionMask = 2147483647;
			files = (
				D7B2D1F82ED802CBA5FFDEAC /* Pods_challengeDojoAlertaTT.framework in Frameworks */,
			);
			runOnlyForDeploymentPostprocessing = 0;
		};
/* End PBXFrameworksBuildPhase section */

/* Begin PBXGroup section */
		7AD8DBDC2090C8B6002F2EC1 /* PhaseFour */ = {
			isa = PBXGroup;
			children = (
				7AD8DBDD2090C8D3002F2EC1 /* FourthViewController.swift */,
			);
			name = PhaseFour;
			path = "New Group";
			sourceTree = "<group>";
		};
		7AD8DBDF2090C9FA002F2EC1 /* PhaseFour */ = {
			isa = PBXGroup;
			children = (
				7AD8DBE02090CA19002F2EC1 /* FourthView.swift */,
			);
			path = PhaseFour;
			sourceTree = "<group>";
		};
		7AD8DBE62090CF4A002F2EC1 /* Main */ = {
			isa = PBXGroup;
			children = (
				7AE99B97208FF62A00F76B05 /* MainView.swift */,
			);
			path = Main;
			sourceTree = "<group>";
		};
		7AE99B71208FEEE200F76B05 = {
			isa = PBXGroup;
			children = (
				7AE99B7C208FEEE200F76B05 /* challengeDojoAlertaTT */,
				7AE99B7B208FEEE200F76B05 /* Products */,
				C5A007CBFCC3BDDC3AE409D2 /* Pods */,
				C4AFBE49C7A274346E4121DB /* Frameworks */,
			);
			sourceTree = "<group>";
		};
		7AE99B7B208FEEE200F76B05 /* Products */ = {
			isa = PBXGroup;
			children = (
				7AE99B7A208FEEE200F76B05 /* challengeDojoAlertaTT.app */,
			);
			name = Products;
			sourceTree = "<group>";
		};
		7AE99B7C208FEEE200F76B05 /* challengeDojoAlertaTT */ = {
			isa = PBXGroup;
			children = (
				7AE99B96208FF5CD00F76B05 /* util */,
				7AE99B95208FF5AD00F76B05 /* StoryBoard */,
				7AE99B94208FF59F00F76B05 /* Source */,
			);
			path = challengeDojoAlertaTT;
			sourceTree = "<group>";
		};
		7AE99B8F208FF56200F76B05 /* Controller */ = {
			isa = PBXGroup;
			children = (
				7AD8DBDC2090C8B6002F2EC1 /* PhaseFour */,
				7AE99BA020900B3500F76B05 /* PhaseThree */,
				7AE99B9C2090097D00F76B05 /* Main */,
				7AE99B9D2090098900F76B05 /* PhaseTwo */,
			);
			path = Controller;
			sourceTree = "<group>";
		};
		7AE99B90208FF57600F76B05 /* View */ = {
			isa = PBXGroup;
			children = (
				7AD8DBE62090CF4A002F2EC1 /* Main */,
				7AD8DBDF2090C9FA002F2EC1 /* PhaseFour */,
				7AE99BAC2090198F00F76B05 /* PhaseThree */,
			);
			path = View;
			sourceTree = "<group>";
		};
		7AE99B94208FF59F00F76B05 /* Source */ = {
			isa = PBXGroup;
			children = (
				7AE99B99208FF94200F76B05 /* Infrastructure */,
				7AE99B90208FF57600F76B05 /* View */,
				7AE99B8F208FF56200F76B05 /* Controller */,
			);
			path = Source;
			sourceTree = "<group>";
		};
		7AE99B95208FF5AD00F76B05 /* StoryBoard */ = {
			isa = PBXGroup;
			children = (
				7AE99B86208FEEE200F76B05 /* LaunchScreen.storyboard */,
				7AE99B81208FEEE200F76B05 /* Main.storyboard */,
			);
			path = StoryBoard;
			sourceTree = "<group>";
		};
		7AE99B96208FF5CD00F76B05 /* util */ = {
			isa = PBXGroup;
			children = (
				7AD8DBE42090CD43002F2EC1 /* michael.gif */,
				7AD8DBE22090CC3E002F2EC1 /* cristiano.gif */,
				7AE99B89208FEEE200F76B05 /* Info.plist */,
				7AE99B7D208FEEE200F76B05 /* AppDelegate.swift */,
				7AE99B84208FEEE200F76B05 /* Assets.xcassets */,
			);
			path = util;
			sourceTree = "<group>";
		};
		7AE99B99208FF94200F76B05 /* Infrastructure */ = {
			isa = PBXGroup;
			children = (
				7AE99B9A208FF98300F76B05 /* GeoLocation.swift */,
				7A303EEF2090A90500FC515A /* AlertBuilder.swift */,
			);
			path = Infrastructure;
			sourceTree = "<group>";
		};
		7AE99B9C2090097D00F76B05 /* Main */ = {
			isa = PBXGroup;
			children = (
				7AE99B7F208FEEE200F76B05 /* MainViewController.swift */,
			);
			path = Main;
			sourceTree = "<group>";
		};
		7AE99B9D2090098900F76B05 /* PhaseTwo */ = {
			isa = PBXGroup;
			children = (
				7AE99B9E209009BB00F76B05 /* SecondViewController.swift */,
			);
			path = PhaseTwo;
			sourceTree = "<group>";
		};
		7AE99BA020900B3500F76B05 /* PhaseThree */ = {
			isa = PBXGroup;
			children = (
				7AE99BA320900D4500F76B05 /* ThirdViewController.swift */,
			);
			path = PhaseThree;
			sourceTree = "<group>";
		};
		7AE99BAC2090198F00F76B05 /* PhaseThree */ = {
			isa = PBXGroup;
			children = (
				7AE99BAD209019A800F76B05 /* ThreeView.swift */,
			);
			path = PhaseThree;
			sourceTree = "<group>";
		};
		C4AFBE49C7A274346E4121DB /* Frameworks */ = {
			isa = PBXGroup;
			children = (
				AF257BEBE12745A4B62B58ED /* Pods_challengeDojoAlertaTT.framework */,
			);
			name = Frameworks;
			sourceTree = "<group>";
		};
		C5A007CBFCC3BDDC3AE409D2 /* Pods */ = {
			isa = PBXGroup;
			children = (
				FF7AFFE5A4408B403C0A3290 /* Pods-challengeDojoAlertaTT.debug.xcconfig */,
				52F97D5809ACAA19039CFFAA /* Pods-challengeDojoAlertaTT.release.xcconfig */,
			);
			name = Pods;
			sourceTree = "<group>";
		};
/* End PBXGroup section */

/* Begin PBXNativeTarget section */
		7AE99B79208FEEE200F76B05 /* challengeDojoAlertaTT */ = {
			isa = PBXNativeTarget;
			buildConfigurationList = 7AE99B8C208FEEE200F76B05 /* Build configuration list for PBXNativeTarget "challengeDojoAlertaTT" */;
			buildPhases = (
				CD350232491EBE42A3F3659A /* [CP] Check Pods Manifest.lock */,
				7AE99B76208FEEE200F76B05 /* Sources */,
				7AE99B77208FEEE200F76B05 /* Frameworks */,
				7AE99B78208FEEE200F76B05 /* Resources */,
				D4978F5F0EFA4F4D733724A0 /* [CP] Embed Pods Frameworks */,
				53099FB1BEC27DF5BD40AA0C /* [CP] Copy Pods Resources */,
			);
			buildRules = (
			);
			dependencies = (
			);
			name = challengeDojoAlertaTT;
			productName = challengeDojoAlertaTT;
			productReference = 7AE99B7A208FEEE200F76B05 /* challengeDojoAlertaTT.app */;
			productType = "com.apple.product-type.application";
		};
/* End PBXNativeTarget section */

/* Begin PBXProject section */
		7AE99B72208FEEE200F76B05 /* Project object */ = {
			isa = PBXProject;
			attributes = {
				LastSwiftUpdateCheck = 0920;
				LastUpgradeCheck = 0920;
				ORGANIZATIONNAME = "Jackson Smith Moises Matias";
				TargetAttributes = {
					7AE99B79208FEEE200F76B05 = {
						CreatedOnToolsVersion = 9.2;
						ProvisioningStyle = Automatic;
					};
				};
			};
			buildConfigurationList = 7AE99B75208FEEE200F76B05 /* Build configuration list for PBXProject "challengeDojoAlertaTT" */;
			compatibilityVersion = "Xcode 8.0";
			developmentRegion = en;
			hasScannedForEncodings = 0;
			knownRegions = (
				en,
				Base,
			);
			mainGroup = 7AE99B71208FEEE200F76B05;
			productRefGroup = 7AE99B7B208FEEE200F76B05 /* Products */;
			projectDirPath = "";
			projectRoot = "";
			targets = (
				7AE99B79208FEEE200F76B05 /* challengeDojoAlertaTT */,
			);
		};
/* End PBXProject section */

/* Begin PBXResourcesBuildPhase section */
		7AE99B78208FEEE200F76B05 /* Resources */ = {
			isa = PBXResourcesBuildPhase;
			buildActionMask = 2147483647;
			files = (
				7AE99B88208FEEE200F76B05 /* LaunchScreen.storyboard in Resources */,
				7AD8DBE32090CC3E002F2EC1 /* cristiano.gif in Resources */,
				7AD8DBE52090CD43002F2EC1 /* michael.gif in Resources */,
				7AE99B85208FEEE200F76B05 /* Assets.xcassets in Resources */,
				7AE99B83208FEEE200F76B05 /* Main.storyboard in Resources */,
			);
			runOnlyForDeploymentPostprocessing = 0;
		};
/* End PBXResourcesBuildPhase section */

/* Begin PBXShellScriptBuildPhase section */
		53099FB1BEC27DF5BD40AA0C /* [CP] Copy Pods Resources */ = {
			isa = PBXShellScriptBuildPhase;
			buildActionMask = 2147483647;
			files = (
			);
			inputPaths = (
			);
			name = "[CP] Copy Pods Resources";
			outputPaths = (
			);
			runOnlyForDeploymentPostprocessing = 0;
			shellPath = /bin/sh;
			shellScript = "\"${SRCROOT}/Pods/Target Support Files/Pods-challengeDojoAlertaTT/Pods-challengeDojoAlertaTT-resources.sh\"\n";
			showEnvVarsInLog = 0;
		};
		CD350232491EBE42A3F3659A /* [CP] Check Pods Manifest.lock */ = {
			isa = PBXShellScriptBuildPhase;
			buildActionMask = 2147483647;
			files = (
			);
			inputPaths = (
			);
			name = "[CP] Check Pods Manifest.lock";
			outputPaths = (
			);
			runOnlyForDeploymentPostprocessing = 0;
			shellPath = /bin/sh;
			shellScript = "diff \"${PODS_PODFILE_DIR_PATH}/Podfile.lock\" \"${PODS_ROOT}/Manifest.lock\" > /dev/null\nif [ $? != 0 ] ; then\n    # print error to STDERR\n    echo \"error: The sandbox is not in sync with the Podfile.lock. Run 'pod install' or update your CocoaPods installation.\" >&2\n    exit 1\nfi\n";
			showEnvVarsInLog = 0;
		};
		D4978F5F0EFA4F4D733724A0 /* [CP] Embed Pods Frameworks */ = {
			isa = PBXShellScriptBuildPhase;
			buildActionMask = 2147483647;
			files = (
			);
			inputPaths = (
			);
			name = "[CP] Embed Pods Frameworks";
			outputPaths = (
			);
			runOnlyForDeploymentPostprocessing = 0;
			shellPath = /bin/sh;
			shellScript = "\"${SRCROOT}/Pods/Target Support Files/Pods-challengeDojoAlertaTT/Pods-challengeDojoAlertaTT-frameworks.sh\"\n";
			showEnvVarsInLog = 0;
		};
/* End PBXShellScriptBuildPhase section */

/* Begin PBXSourcesBuildPhase section */
		7AE99B76208FEEE200F76B05 /* Sources */ = {
			isa = PBXSourcesBuildPhase;
			buildActionMask = 2147483647;
			files = (
				7AE99B9B208FF98300F76B05 /* GeoLocation.swift in Sources */,
				7AE99B80208FEEE200F76B05 /* MainViewController.swift in Sources */,
				7AE99BAE209019A800F76B05 /* ThreeView.swift in Sources */,
				7AD8DBDE2090C8D3002F2EC1 /* FourthViewController.swift in Sources */,
				7AD8DBE12090CA19002F2EC1 /* FourthView.swift in Sources */,
				7AE99B98208FF62A00F76B05 /* MainView.swift in Sources */,
				7A303EF02090A90500FC515A /* AlertBuilder.swift in Sources */,
				7AE99B9F209009BB00F76B05 /* SecondViewController.swift in Sources */,
				7AE99BA420900D4500F76B05 /* ThirdViewController.swift in Sources */,
				7AE99B7E208FEEE200F76B05 /* AppDelegate.swift in Sources */,
			);
			runOnlyForDeploymentPostprocessing = 0;
		};
/* End PBXSourcesBuildPhase section */

/* Begin PBXVariantGroup section */
		7AE99B81208FEEE200F76B05 /* Main.storyboard */ = {
			isa = PBXVariantGroup;
			children = (
				7AE99B82208FEEE200F76B05 /* Base */,
			);
			name = Main.storyboard;
			sourceTree = "<group>";
		};
		7AE99B86208FEEE200F76B05 /* LaunchScreen.storyboard */ = {
			isa = PBXVariantGroup;
			children = (
				7AE99B87208FEEE200F76B05 /* Base */,
			);
			name = LaunchScreen.storyboard;
			sourceTree = "<group>";
		};
/* End PBXVariantGroup section */

/* Begin XCBuildConfiguration section */
		7AE99B8A208FEEE200F76B05 /* Debug */ = {
			isa = XCBuildConfiguration;
			buildSettings = {
				ALWAYS_SEARCH_USER_PATHS = NO;
				CLANG_ANALYZER_NONNULL = YES;
				CLANG_ANALYZER_NUMBER_OBJECT_CONVERSION = YES_AGGRESSIVE;
				CLANG_CXX_LANGUAGE_STANDARD = "gnu++14";
				CLANG_CXX_LIBRARY = "libc++";
				CLANG_ENABLE_MODULES = YES;
				CLANG_ENABLE_OBJC_ARC = YES;
				CLANG_WARN_BLOCK_CAPTURE_AUTORELEASING = YES;
				CLANG_WARN_BOOL_CONVERSION = YES;
				CLANG_WARN_COMMA = YES;
				CLANG_WARN_CONSTANT_CONVERSION = YES;
				CLANG_WARN_DIRECT_OBJC_ISA_USAGE = YES_ERROR;
				CLANG_WARN_DOCUMENTATION_COMMENTS = YES;
				CLANG_WARN_EMPTY_BODY = YES;
				CLANG_WARN_ENUM_CONVERSION = YES;
				CLANG_WARN_INFINITE_RECURSION = YES;
				CLANG_WARN_INT_CONVERSION = YES;
				CLANG_WARN_NON_LITERAL_NULL_CONVERSION = YES;
				CLANG_WARN_OBJC_LITERAL_CONVERSION = YES;
				CLANG_WARN_OBJC_ROOT_CLASS = YES_ERROR;
				CLANG_WARN_RANGE_LOOP_ANALYSIS = YES;
				CLANG_WARN_STRICT_PROTOTYPES = YES;
				CLANG_WARN_SUSPICIOUS_MOVE = YES;
				CLANG_WARN_UNGUARDED_AVAILABILITY = YES_AGGRESSIVE;
				CLANG_WARN_UNREACHABLE_CODE = YES;
				CLANG_WARN__DUPLICATE_METHOD_MATCH = YES;
				CODE_SIGN_IDENTITY = "iPhone Developer";
				COPY_PHASE_STRIP = NO;
				DEBUG_INFORMATION_FORMAT = dwarf;
				ENABLE_STRICT_OBJC_MSGSEND = YES;
				ENABLE_TESTABILITY = YES;
				GCC_C_LANGUAGE_STANDARD = gnu11;
				GCC_DYNAMIC_NO_PIC = NO;
				GCC_NO_COMMON_BLOCKS = YES;
				GCC_OPTIMIZATION_LEVEL = 0;
				GCC_PREPROCESSOR_DEFINITIONS = (
					"DEBUG=1",
					"$(inherited)",
				);
				GCC_WARN_64_TO_32_BIT_CONVERSION = YES;
				GCC_WARN_ABOUT_RETURN_TYPE = YES_ERROR;
				GCC_WARN_UNDECLARED_SELECTOR = YES;
				GCC_WARN_UNINITIALIZED_AUTOS = YES_AGGRESSIVE;
				GCC_WARN_UNUSED_FUNCTION = YES;
				GCC_WARN_UNUSED_VARIABLE = YES;
				IPHONEOS_DEPLOYMENT_TARGET = 11.2;
				MTL_ENABLE_DEBUG_INFO = YES;
				ONLY_ACTIVE_ARCH = YES;
				SDKROOT = iphoneos;
				SWIFT_ACTIVE_COMPILATION_CONDITIONS = DEBUG;
				SWIFT_OPTIMIZATION_LEVEL = "-Onone";
			};
			name = Debug;
		};
		7AE99B8B208FEEE200F76B05 /* Release */ = {
			isa = XCBuildConfiguration;
			buildSettings = {
				ALWAYS_SEARCH_USER_PATHS = NO;
				CLANG_ANALYZER_NONNULL = YES;
				CLANG_ANALYZER_NUMBER_OBJECT_CONVERSION = YES_AGGRESSIVE;
				CLANG_CXX_LANGUAGE_STANDARD = "gnu++14";
				CLANG_CXX_LIBRARY = "libc++";
				CLANG_ENABLE_MODULES = YES;
				CLANG_ENABLE_OBJC_ARC = YES;
				CLANG_WARN_BLOCK_CAPTURE_AUTORELEASING = YES;
				CLANG_WARN_BOOL_CONVERSION = YES;
				CLANG_WARN_COMMA = YES;
				CLANG_WARN_CONSTANT_CONVERSION = YES;
				CLANG_WARN_DIRECT_OBJC_ISA_USAGE = YES_ERROR;
				CLANG_WARN_DOCUMENTATION_COMMENTS = YES;
				CLANG_WARN_EMPTY_BODY = YES;
				CLANG_WARN_ENUM_CONVERSION = YES;
				CLANG_WARN_INFINITE_RECURSION = YES;
				CLANG_WARN_INT_CONVERSION = YES;
				CLANG_WARN_NON_LITERAL_NULL_CONVERSION = YES;
				CLANG_WARN_OBJC_LITERAL_CONVERSION = YES;
				CLANG_WARN_OBJC_ROOT_CLASS = YES_ERROR;
				CLANG_WARN_RANGE_LOOP_ANALYSIS = YES;
				CLANG_WARN_STRICT_PROTOTYPES = YES;
				CLANG_WARN_SUSPICIOUS_MOVE = YES;
				CLANG_WARN_UNGUARDED_AVAILABILITY = YES_AGGRESSIVE;
				CLANG_WARN_UNREACHABLE_CODE = YES;
				CLANG_WARN__DUPLICATE_METHOD_MATCH = YES;
				CODE_SIGN_IDENTITY = "iPhone Developer";
				COPY_PHASE_STRIP = NO;
				DEBUG_INFORMATION_FORMAT = "dwarf-with-dsym";
				ENABLE_NS_ASSERTIONS = NO;
				ENABLE_STRICT_OBJC_MSGSEND = YES;
				GCC_C_LANGUAGE_STANDARD = gnu11;
				GCC_NO_COMMON_BLOCKS = YES;
				GCC_WARN_64_TO_32_BIT_CONVERSION = YES;
				GCC_WARN_ABOUT_RETURN_TYPE = YES_ERROR;
				GCC_WARN_UNDECLARED_SELECTOR = YES;
				GCC_WARN_UNINITIALIZED_AUTOS = YES_AGGRESSIVE;
				GCC_WARN_UNUSED_FUNCTION = YES;
				GCC_WARN_UNUSED_VARIABLE = YES;
				IPHONEOS_DEPLOYMENT_TARGET = 11.2;
				MTL_ENABLE_DEBUG_INFO = NO;
				SDKROOT = iphoneos;
				SWIFT_OPTIMIZATION_LEVEL = "-Owholemodule";
				VALIDATE_PRODUCT = YES;
			};
			name = Release;
		};
		7AE99B8D208FEEE200F76B05 /* Debug */ = {
			isa = XCBuildConfiguration;
			baseConfigurationReference = FF7AFFE5A4408B403C0A3290 /* Pods-challengeDojoAlertaTT.debug.xcconfig */;
			buildSettings = {
				ASSETCATALOG_COMPILER_APPICON_NAME = AppIcon;
				CODE_SIGN_STYLE = Automatic;
				INFOPLIST_FILE = challengeDojoAlertaTT/util/Info.plist;
				LD_RUNPATH_SEARCH_PATHS = "$(inherited) @executable_path/Frameworks";
				PRODUCT_BUNDLE_IDENTIFIER = "jackson-smith.challengeDojoAlertaTT";
				PRODUCT_NAME = "$(TARGET_NAME)";
				SWIFT_VERSION = 4.0;
				TARGETED_DEVICE_FAMILY = "1,2";
			};
			name = Debug;
		};
		7AE99B8E208FEEE200F76B05 /* Release */ = {
			isa = XCBuildConfiguration;
			baseConfigurationReference = 52F97D5809ACAA19039CFFAA /* Pods-challengeDojoAlertaTT.release.xcconfig */;
			buildSettings = {
				ASSETCATALOG_COMPILER_APPICON_NAME = AppIcon;
				CODE_SIGN_STYLE = Automatic;
				INFOPLIST_FILE = challengeDojoAlertaTT/util/Info.plist;
				LD_RUNPATH_SEARCH_PATHS = "$(inherited) @executable_path/Frameworks";
				PRODUCT_BUNDLE_IDENTIFIER = "jackson-smith.challengeDojoAlertaTT";
				PRODUCT_NAME = "$(TARGET_NAME)";
				SWIFT_VERSION = 4.0;
				TARGETED_DEVICE_FAMILY = "1,2";
			};
			name = Release;
		};
/* End XCBuildConfiguration section */

/* Begin XCConfigurationList section */
		7AE99B75208FEEE200F76B05 /* Build configuration list for PBXProject "challengeDojoAlertaTT" */ = {
			isa = XCConfigurationList;
			buildConfigurations = (
				7AE99B8A208FEEE200F76B05 /* Debug */,
				7AE99B8B208FEEE200F76B05 /* Release */,
			);
			defaultConfigurationIsVisible = 0;
			defaultConfigurationName = Release;
		};
		7AE99B8C208FEEE200F76B05 /* Build configuration list for PBXNativeTarget "challengeDojoAlertaTT" */ = {
			isa = XCConfigurationList;
			buildConfigurations = (
				7AE99B8D208FEEE200F76B05 /* Debug */,
				7AE99B8E208FEEE200F76B05 /* Release */,
			);
			defaultConfigurationIsVisible = 0;
			defaultConfigurationName = Release;
		};
/* End XCConfigurationList section */
	};
	rootObject = 7AE99B72208FEEE200F76B05 /* Project object */;
}
